
Microsoft Visual Studio Solution File, Format Version 12.00
# Visual Studio Version 16
VisualStudioVersion = 16.0.29911.84
MinimumVisualStudioVersion = 10.0.40219.1
Project("{9A19103F-16F7-4668-BE54-9A1E7A4F7556}") = "DayOfWeek", "Homework1\DayOfWeek.csproj", "{92C83541-8E74-4620-9AE3-23070D23DA41}"
EndProject
Project("{FAE04EC0-301F-11D3-BF4B-00C04F79EFBC}") = "MultiplicationTable", "MultiplicationTable\MultiplicationTable.csproj", "{0FA95988-3499-4500-8909-2BB858896B7D}"
EndProject
Global
	GlobalSection(SolutionConfigurationPlatforms) = preSolution
		Debug|Any CPU = Debug|Any CPU
		Release|Any CPU = Release|Any CPU
	EndGlobalSection
	GlobalSection(ProjectConfigurationPlatforms) = postSolution
		{92C83541-8E74-4620-9AE3-23070D23DA41}.Debug|Any CPU.ActiveCfg = Debug|Any CPU
		{92C83541-8E74-4620-9AE3-23070D23DA41}.Debug|Any CPU.Build.0 = Debug|Any CPU
		{92C83541-8E74-4620-9AE3-23070D23DA41}.Release|Any CPU.ActiveCfg = Release|Any CPU
		{92C83541-8E74-4620-9AE3-23070D23DA41}.Release|Any CPU.Build.0 = Release|Any CPU
		{0FA95988-3499-4500-8909-2BB858896B7D}.Debug|Any CPU.ActiveCfg = Debug|Any CPU
		{0FA95988-3499-4500-8909-2BB858896B7D}.Debug|Any CPU.Build.0 = Debug|Any CPU
		{0FA95988-3499-4500-8909-2BB858896B7D}.Release|Any CPU.ActiveCfg = Release|Any CPU
		{0FA95988-3499-4500-8909-2BB858896B7D}.Release|Any CPU.Build.0 = Release|Any CPU
	EndGlobalSection
	GlobalSection(SolutionProperties) = preSolution
		HideSolutionNode = FALSE
	EndGlobalSection
	GlobalSection(ExtensibilityGlobals) = postSolution
		SolutionGuid = {88981FB5-7E4D-408C-B2DA-0804B331FE35}
	EndGlobalSection
EndGlobal
